
Microsoft Visual Studio Solution File, Format Version 12.00
# Visual Studio 15
Project("{FAE04EC0-301F-11D3-BF4B-00C04F79EFBC}") = "Assembly-CSharp-firstpass", "Assembly-CSharp-firstpass.csproj", "{3E99ADB8-240B-43E2-9415-E3EC9B20888F}"
EndProject
Project("{FAE04EC0-301F-11D3-BF4B-00C04F79EFBC}") = "Assembly-CSharp", "Assembly-CSharp.csproj", "{A708181E-F542-BEB8-165C-7108F85FFAE7}"
EndProject
Project("{FAE04EC0-301F-11D3-BF4B-00C04F79EFBC}") = "Assembly-CSharp-Editor-firstpass", "Assembly-CSharp-Editor-firstpass.csproj", "{5851D17F-0B81-DFF5-585C-132D33C81B36}"
EndProject
Global
	GlobalSection(SolutionConfigurationPlatforms) = preSolution
		Debug|Any CPU = Debug|Any CPU
		Release|Any CPU = Release|Any CPU
	EndGlobalSection
	GlobalSection(ProjectConfigurationPlatforms) = postSolution
		{3E99ADB8-240B-43E2-9415-E3EC9B20888F}.Debug|Any CPU.ActiveCfg = Debug|Any CPU
		{3E99ADB8-240B-43E2-9415-E3EC9B20888F}.Debug|Any CPU.Build.0 = Debug|Any CPU
		{3E99ADB8-240B-43E2-9415-E3EC9B20888F}.Release|Any CPU.ActiveCfg = Release|Any CPU
		{3E99ADB8-240B-43E2-9415-E3EC9B20888F}.Release|Any CPU.Build.0 = Release|Any CPU
		{A708181E-F542-BEB8-165C-7108F85FFAE7}.Debug|Any CPU.ActiveCfg = Debug|Any CPU
		{A708181E-F542-BEB8-165C-7108F85FFAE7}.Debug|Any CPU.Build.0 = Debug|Any CPU
		{A708181E-F542-BEB8-165C-7108F85FFAE7}.Release|Any CPU.ActiveCfg = Release|Any CPU
		{A708181E-F542-BEB8-165C-7108F85FFAE7}.Release|Any CPU.Build.0 = Release|Any CPU
		{5851D17F-0B81-DFF5-585C-132D33C81B36}.Debug|Any CPU.ActiveCfg = Debug|Any CPU
		{5851D17F-0B81-DFF5-585C-132D33C81B36}.Debug|Any CPU.Build.0 = Debug|Any CPU
		{5851D17F-0B81-DFF5-585C-132D33C81B36}.Release|Any CPU.ActiveCfg = Release|Any CPU
		{5851D17F-0B81-DFF5-585C-132D33C81B36}.Release|Any CPU.Build.0 = Release|Any CPU
	EndGlobalSection
	GlobalSection(SolutionProperties) = preSolution
		HideSolutionNode = FALSE
	EndGlobalSection
EndGlobal
